
Microsoft Visual Studio Solution File, Format Version 12.00
# Visual Studio 2012
Project("{FAE04EC0-301F-11D3-BF4B-00C04F79EFBC}") = "Pra_Matt", "WindowsFormsApplication1\Pra_Matt.csproj", "{11D13FC8-0FAA-49E9-A1E7-628468A489B0}"
EndProject
Global
	GlobalSection(SolutionConfigurationPlatforms) = preSolution
		Debug|Any CPU = Debug|Any CPU
		Release|Any CPU = Release|Any CPU
	EndGlobalSection
	GlobalSection(ProjectConfigurationPlatforms) = postSolution
		{11D13FC8-0FAA-49E9-A1E7-628468A489B0}.Debug|Any CPU.ActiveCfg = Debug|Any CPU
		{11D13FC8-0FAA-49E9-A1E7-628468A489B0}.Debug|Any CPU.Build.0 = Debug|Any CPU
		{11D13FC8-0FAA-49E9-A1E7-628468A489B0}.Release|Any CPU.ActiveCfg = Release|Any CPU
		{11D13FC8-0FAA-49E9-A1E7-628468A489B0}.Release|Any CPU.Build.0 = Release|Any CPU
	EndGlobalSection
	GlobalSection(SolutionProperties) = preSolution
		HideSolutionNode = FALSE
	EndGlobalSection
EndGlobal
